
Microsoft Visual Studio Solution File, Format Version 12.00
# Visual Studio Version 17
VisualStudioVersion = 17.6.33815.320
MinimumVisualStudioVersion = 10.0.40219.1
Project("{FAE04EC0-301F-11D3-BF4B-00C04F79EFBC}") = "HDFC_Loans", "HDFC_Loans.csproj", "{FC585BB6-3085-4554-9273-5616D6DCD56E}"
EndProject
Global
	GlobalSection(SolutionConfigurationPlatforms) = preSolution
		Debug|Any CPU = Debug|Any CPU
		Release|Any CPU = Release|Any CPU
	EndGlobalSection
	GlobalSection(ProjectConfigurationPlatforms) = postSolution
		{FC585BB6-3085-4554-9273-5616D6DCD56E}.Debug|Any CPU.ActiveCfg = Debug|Any CPU
		{FC585BB6-3085-4554-9273-5616D6DCD56E}.Debug|Any CPU.Build.0 = Debug|Any CPU
		{FC585BB6-3085-4554-9273-5616D6DCD56E}.Release|Any CPU.ActiveCfg = Release|Any CPU
		{FC585BB6-3085-4554-9273-5616D6DCD56E}.Release|Any CPU.Build.0 = Release|Any CPU
	EndGlobalSection
	GlobalSection(SolutionProperties) = preSolution
		HideSolutionNode = FALSE
	EndGlobalSection
	GlobalSection(ExtensibilityGlobals) = postSolution
		SolutionGuid = {AC393191-0CA0-45CE-B82D-83B80E0595B5}
	EndGlobalSection
EndGlobal
